
Microsoft Visual Studio Solution File, Format Version 12.00
# Visual Studio 15
VisualStudioVersion = 15.0.27703.2026
MinimumVisualStudioVersion = 10.0.40219.1
Project("{9A19103F-16F7-4668-BE54-9A1E7A4F7556}") = "BIT.Xpo.Observables", "BIT.Xpo.Observables\BIT.Xpo.Observables.csproj", "{F686B950-FAEC-44D4-B759-5E4E45CB5BC4}"
EndProject
Project("{2150E333-8FDC-42A3-9474-1A3956D46DE8}") = "SampleProject", "SampleProject", "{67E943AA-DA75-4C99-9B82-590CC06E0A97}"
EndProject
Project("{FAE04EC0-301F-11D3-BF4B-00C04F79EFBC}") = "Demo.Android", "Demo\Demo\Demo.Android\Demo.Android.csproj", "{EC2EFDE2-85C6-47FA-96BE-3BAA22723E99}"
EndProject
Project("{FAE04EC0-301F-11D3-BF4B-00C04F79EFBC}") = "Demo.iOS", "Demo\Demo\Demo.iOS\Demo.iOS.csproj", "{84282E78-0631-4083-83EC-E38A7F9F6A59}"
EndProject
Project("{FAE04EC0-301F-11D3-BF4B-00C04F79EFBC}") = "Demo.UWP", "Demo\Demo\Demo.UWP\Demo.UWP.csproj", "{95841A56-1719-4B7D-9277-D44C0A941644}"
EndProject
Project("{FAE04EC0-301F-11D3-BF4B-00C04F79EFBC}") = "Demo", "Demo\Demo\Demo\Demo.csproj", "{9ACA3F2F-B1D9-479F-9EEE-B223E63D4AD5}"
EndProject
Global
	GlobalSection(SolutionConfigurationPlatforms) = preSolution
		Ad-Hoc|Any CPU = Ad-Hoc|Any CPU
		Ad-Hoc|ARM = Ad-Hoc|ARM
		Ad-Hoc|iPhone = Ad-Hoc|iPhone
		Ad-Hoc|iPhoneSimulator = Ad-Hoc|iPhoneSimulator
		Ad-Hoc|x64 = Ad-Hoc|x64
		Ad-Hoc|x86 = Ad-Hoc|x86
		AppStore|Any CPU = AppStore|Any CPU
		AppStore|ARM = AppStore|ARM
		AppStore|iPhone = AppStore|iPhone
		AppStore|iPhoneSimulator = AppStore|iPhoneSimulator
		AppStore|x64 = AppStore|x64
		AppStore|x86 = AppStore|x86
		Debug|Any CPU = Debug|Any CPU
		Debug|ARM = Debug|ARM
		Debug|iPhone = Debug|iPhone
		Debug|iPhoneSimulator = Debug|iPhoneSimulator
		Debug|x64 = Debug|x64
		Debug|x86 = Debug|x86
		Release|Any CPU = Release|Any CPU
		Release|ARM = Release|ARM
		Release|iPhone = Release|iPhone
		Release|iPhoneSimulator = Release|iPhoneSimulator
		Release|x64 = Release|x64
		Release|x86 = Release|x86
	EndGlobalSection
	GlobalSection(ProjectConfigurationPlatforms) = postSolution
		{F686B950-FAEC-44D4-B759-5E4E45CB5BC4}.Ad-Hoc|Any CPU.ActiveCfg = Release|Any CPU
		{F686B950-FAEC-44D4-B759-5E4E45CB5BC4}.Ad-Hoc|Any CPU.Build.0 = Release|Any CPU
		{F686B950-FAEC-44D4-B759-5E4E45CB5BC4}.Ad-Hoc|ARM.ActiveCfg = Release|Any CPU
		{F686B950-FAEC-44D4-B759-5E4E45CB5BC4}.Ad-Hoc|ARM.Build.0 = Release|Any CPU
		{F686B950-FAEC-44D4-B759-5E4E45CB5BC4}.Ad-Hoc|iPhone.ActiveCfg = Release|Any CPU
		{F686B950-FAEC-44D4-B759-5E4E45CB5BC4}.Ad-Hoc|iPhone.Build.0 = Release|Any CPU
		{F686B950-FAEC-44D4-B759-5E4E45CB5BC4}.Ad-Hoc|iPhoneSimulator.ActiveCfg = Release|Any CPU
		{F686B950-FAEC-44D4-B759-5E4E45CB5BC4}.Ad-Hoc|iPhoneSimulator.Build.0 = Release|Any CPU
		{F686B950-FAEC-44D4-B759-5E4E45CB5BC4}.Ad-Hoc|x64.ActiveCfg = Release|Any CPU
		{F686B950-FAEC-44D4-B759-5E4E45CB5BC4}.Ad-Hoc|x64.Build.0 = Release|Any CPU
		{F686B950-FAEC-44D4-B759-5E4E45CB5BC4}.Ad-Hoc|x86.ActiveCfg = Release|Any CPU
		{F686B950-FAEC-44D4-B759-5E4E45CB5BC4}.Ad-Hoc|x86.Build.0 = Release|Any CPU
		{F686B950-FAEC-44D4-B759-5E4E45CB5BC4}.AppStore|Any CPU.ActiveCfg = Release|Any CPU
		{F686B950-FAEC-44D4-B759-5E4E45CB5BC4}.AppStore|Any CPU.Build.0 = Release|Any CPU
		{F686B950-FAEC-44D4-B759-5E4E45CB5BC4}.AppStore|ARM.ActiveCfg = Release|Any CPU
		{F686B950-FAEC-44D4-B759-5E4E45CB5BC4}.AppStore|ARM.Build.0 = Release|Any CPU
		{F686B950-FAEC-44D4-B759-5E4E45CB5BC4}.AppStore|iPhone.ActiveCfg = Release|Any CPU
		{F686B950-FAEC-44D4-B759-5E4E45CB5BC4}.AppStore|iPhone.Build.0 = Release|Any CPU
		{F686B950-FAEC-44D4-B759-5E4E45CB5BC4}.AppStore|iPhoneSimulator.ActiveCfg = Release|Any CPU
		{F686B950-FAEC-44D4-B759-5E4E45CB5BC4}.AppStore|iPhoneSimulator.Build.0 = Release|Any CPU
		{F686B950-FAEC-44D4-B759-5E4E45CB5BC4}.AppStore|x64.ActiveCfg = Release|Any CPU
		{F686B950-FAEC-44D4-B759-5E4E45CB5BC4}.AppStore|x64.Build.0 = Release|Any CPU
		{F686B950-FAEC-44D4-B759-5E4E45CB5BC4}.AppStore|x86.ActiveCfg = Release|Any CPU
		{F686B950-FAEC-44D4-B759-5E4E45CB5BC4}.AppStore|x86.Build.0 = Release|Any CPU
		{F686B950-FAEC-44D4-B759-5E4E45CB5BC4}.Debug|Any CPU.ActiveCfg = Debug|Any CPU
		{F686B950-FAEC-44D4-B759-5E4E45CB5BC4}.Debug|Any CPU.Build.0 = Debug|Any CPU
		{F686B950-FAEC-44D4-B759-5E4E45CB5BC4}.Debug|ARM.ActiveCfg = Debug|Any CPU
		{F686B950-FAEC-44D4-B759-5E4E45CB5BC4}.Debug|ARM.Build.0 = Debug|Any CPU
		{F686B950-FAEC-44D4-B759-5E4E45CB5BC4}.Debug|iPhone.ActiveCfg = Debug|Any CPU
		{F686B950-FAEC-44D4-B759-5E4E45CB5BC4}.Debug|iPhone.Build.0 = Debug|Any CPU
		{F686B950-FAEC-44D4-B759-5E4E45CB5BC4}.Debug|iPhoneSimulator.ActiveCfg = Debug|Any CPU
		{F686B950-FAEC-44D4-B759-5E4E45CB5BC4}.Debug|iPhoneSimulator.Build.0 = Debug|Any CPU
		{F686B950-FAEC-44D4-B759-5E4E45CB5BC4}.Debug|x64.ActiveCfg = Debug|Any CPU
		{F686B950-FAEC-44D4-B759-5E4E45CB5BC4}.Debug|x64.Build.0 = Debug|Any CPU
		{F686B950-FAEC-44D4-B759-5E4E45CB5BC4}.Debug|x86.ActiveCfg = Debug|Any CPU
		{F686B950-FAEC-44D4-B759-5E4E45CB5BC4}.Debug|x86.Build.0 = Debug|Any CPU
		{F686B950-FAEC-44D4-B759-5E4E45CB5BC4}.Release|Any CPU.ActiveCfg = Release|Any CPU
		{F686B950-FAEC-44D4-B759-5E4E45CB5BC4}.Release|Any CPU.Build.0 = Release|Any CPU
		{F686B950-FAEC-44D4-B759-5E4E45CB5BC4}.Release|ARM.ActiveCfg = Release|Any CPU
		{F686B950-FAEC-44D4-B759-5E4E45CB5BC4}.Release|ARM.Build.0 = Release|Any CPU
		{F686B950-FAEC-44D4-B759-5E4E45CB5BC4}.Release|iPhone.ActiveCfg = Release|Any CPU
		{F686B950-FAEC-44D4-B759-5E4E45CB5BC4}.Release|iPhone.Build.0 = Release|Any CPU
		{F686B950-FAEC-44D4-B759-5E4E45CB5BC4}.Release|iPhoneSimulator.ActiveCfg = Release|Any CPU
		{F686B950-FAEC-44D4-B759-5E4E45CB5BC4}.Release|iPhoneSimulator.Build.0 = Release|Any CPU
		{F686B950-FAEC-44D4-B759-5E4E45CB5BC4}.Release|x64.ActiveCfg = Release|Any CPU
		{F686B950-FAEC-44D4-B759-5E4E45CB5BC4}.Release|x64.Build.0 = Release|Any CPU
		{F686B950-FAEC-44D4-B759-5E4E45CB5BC4}.Release|x86.ActiveCfg = Release|Any CPU
		{F686B950-FAEC-44D4-B759-5E4E45CB5BC4}.Release|x86.Build.0 = Release|Any CPU
		{EC2EFDE2-85C6-47FA-96BE-3BAA22723E99}.Ad-Hoc|Any CPU.ActiveCfg = Release|Any CPU
		{EC2EFDE2-85C6-47FA-96BE-3BAA22723E99}.Ad-Hoc|Any CPU.Build.0 = Release|Any CPU
		{EC2EFDE2-85C6-47FA-96BE-3BAA22723E99}.Ad-Hoc|Any CPU.Deploy.0 = Release|Any CPU
		{EC2EFDE2-85C6-47FA-96BE-3BAA22723E99}.Ad-Hoc|ARM.ActiveCfg = Release|Any CPU
		{EC2EFDE2-85C6-47FA-96BE-3BAA22723E99}.Ad-Hoc|ARM.Build.0 = Release|Any CPU
		{EC2EFDE2-85C6-47FA-96BE-3BAA22723E99}.Ad-Hoc|ARM.Deploy.0 = Release|Any CPU
		{EC2EFDE2-85C6-47FA-96BE-3BAA22723E99}.Ad-Hoc|iPhone.ActiveCfg = Release|Any CPU
		{EC2EFDE2-85C6-47FA-96BE-3BAA22723E99}.Ad-Hoc|iPhone.Build.0 = Release|Any CPU
		{EC2EFDE2-85C6-47FA-96BE-3BAA22723E99}.Ad-Hoc|iPhone.Deploy.0 = Release|Any CPU
		{EC2EFDE2-85C6-47FA-96BE-3BAA22723E99}.Ad-Hoc|iPhoneSimulator.ActiveCfg = Release|Any CPU
		{EC2EFDE2-85C6-47FA-96BE-3BAA22723E99}.Ad-Hoc|iPhoneSimulator.Build.0 = Release|Any CPU
		{EC2EFDE2-85C6-47FA-96BE-3BAA22723E99}.Ad-Hoc|iPhoneSimulator.Deploy.0 = Release|Any CPU
		{EC2EFDE2-85C6-47FA-96BE-3BAA22723E99}.Ad-Hoc|x64.ActiveCfg = Release|Any CPU
		{EC2EFDE2-85C6-47FA-96BE-3BAA22723E99}.Ad-Hoc|x64.Build.0 = Release|Any CPU
		{EC2EFDE2-85C6-47FA-96BE-3BAA22723E99}.Ad-Hoc|x64.Deploy.0 = Release|Any CPU
		{EC2EFDE2-85C6-47FA-96BE-3BAA22723E99}.Ad-Hoc|x86.ActiveCfg = Release|Any CPU
		{EC2EFDE2-85C6-47FA-96BE-3BAA22723E99}.Ad-Hoc|x86.Build.0 = Release|Any CPU
		{EC2EFDE2-85C6-47FA-96BE-3BAA22723E99}.Ad-Hoc|x86.Deploy.0 = Release|Any CPU
		{EC2EFDE2-85C6-47FA-96BE-3BAA22723E99}.AppStore|Any CPU.ActiveCfg = Release|Any CPU
		{EC2EFDE2-85C6-47FA-96BE-3BAA22723E99}.AppStore|Any CPU.Build.0 = Release|Any CPU
		{EC2EFDE2-85C6-47FA-96BE-3BAA22723E99}.AppStore|Any CPU.Deploy.0 = Release|Any CPU
		{EC2EFDE2-85C6-47FA-96BE-3BAA22723E99}.AppStore|ARM.ActiveCfg = Release|Any CPU
		{EC2EFDE2-85C6-47FA-96BE-3BAA22723E99}.AppStore|ARM.Build.0 = Release|Any CPU
		{EC2EFDE2-85C6-47FA-96BE-3BAA22723E99}.AppStore|ARM.Deploy.0 = Release|Any CPU
		{EC2EFDE2-85C6-47FA-96BE-3BAA22723E99}.AppStore|iPhone.ActiveCfg = Release|Any CPU
		{EC2EFDE2-85C6-47FA-96BE-3BAA22723E99}.AppStore|iPhone.Build.0 = Release|Any CPU
		{EC2EFDE2-85C6-47FA-96BE-3BAA22723E99}.AppStore|iPhone.Deploy.0 = Release|Any CPU
		{EC2EFDE2-85C6-47FA-96BE-3BAA22723E99}.AppStore|iPhoneSimulator.ActiveCfg = Release|Any CPU
		{EC2EFDE2-85C6-47FA-96BE-3BAA22723E99}.AppStore|iPhoneSimulator.Build.0 = Release|Any CPU
		{EC2EFDE2-85C6-47FA-96BE-3BAA22723E99}.AppStore|iPhoneSimulator.Deploy.0 = Release|Any CPU
		{EC2EFDE2-85C6-47FA-96BE-3BAA22723E99}.AppStore|x64.ActiveCfg = Release|Any CPU
		{EC2EFDE2-85C6-47FA-96BE-3BAA22723E99}.AppStore|x64.Build.0 = Release|Any CPU
		{EC2EFDE2-85C6-47FA-96BE-3BAA22723E99}.AppStore|x64.Deploy.0 = Release|Any CPU
		{EC2EFDE2-85C6-47FA-96BE-3BAA22723E99}.AppStore|x86.ActiveCfg = Release|Any CPU
		{EC2EFDE2-85C6-47FA-96BE-3BAA22723E99}.AppStore|x86.Build.0 = Release|Any CPU
		{EC2EFDE2-85C6-47FA-96BE-3BAA22723E99}.AppStore|x86.Deploy.0 = Release|Any CPU
		{EC2EFDE2-85C6-47FA-96BE-3BAA22723E99}.Debug|Any CPU.ActiveCfg = Debug|Any CPU
		{EC2EFDE2-85C6-47FA-96BE-3BAA22723E99}.Debug|Any CPU.Build.0 = Debug|Any CPU
		{EC2EFDE2-85C6-47FA-96BE-3BAA22723E99}.Debug|Any CPU.Deploy.0 = Debug|Any CPU
		{EC2EFDE2-85C6-47FA-96BE-3BAA22723E99}.Debug|ARM.ActiveCfg = Debug|Any CPU
		{EC2EFDE2-85C6-47FA-96BE-3BAA22723E99}.Debug|ARM.Build.0 = Debug|Any CPU
		{EC2EFDE2-85C6-47FA-96BE-3BAA22723E99}.Debug|ARM.Deploy.0 = Debug|Any CPU
		{EC2EFDE2-85C6-47FA-96BE-3BAA22723E99}.Debug|iPhone.ActiveCfg = Debug|Any CPU
		{EC2EFDE2-85C6-47FA-96BE-3BAA22723E99}.Debug|iPhone.Build.0 = Debug|Any CPU
		{EC2EFDE2-85C6-47FA-96BE-3BAA22723E99}.Debug|iPhone.Deploy.0 = Debug|Any CPU
		{EC2EFDE2-85C6-47FA-96BE-3BAA22723E99}.Debug|iPhoneSimulator.ActiveCfg = Debug|Any CPU
		{EC2EFDE2-85C6-47FA-96BE-3BAA22723E99}.Debug|iPhoneSimulator.Build.0 = Debug|Any CPU
		{EC2EFDE2-85C6-47FA-96BE-3BAA22723E99}.Debug|iPhoneSimulator.Deploy.0 = Debug|Any CPU
		{EC2EFDE2-85C6-47FA-96BE-3BAA22723E99}.Debug|x64.ActiveCfg = Debug|Any CPU
		{EC2EFDE2-85C6-47FA-96BE-3BAA22723E99}.Debug|x64.Build.0 = Debug|Any CPU
		{EC2EFDE2-85C6-47FA-96BE-3BAA22723E99}.Debug|x64.Deploy.0 = Debug|Any CPU
		{EC2EFDE2-85C6-47FA-96BE-3BAA22723E99}.Debug|x86.ActiveCfg = Debug|Any CPU
		{EC2EFDE2-85C6-47FA-96BE-3BAA22723E99}.Debug|x86.Build.0 = Debug|Any CPU
		{EC2EFDE2-85C6-47FA-96BE-3BAA22723E99}.Debug|x86.Deploy.0 = Debug|Any CPU
		{EC2EFDE2-85C6-47FA-96BE-3BAA22723E99}.Release|Any CPU.ActiveCfg = Release|Any CPU
		{EC2EFDE2-85C6-47FA-96BE-3BAA22723E99}.Release|Any CPU.Build.0 = Release|Any CPU
		{EC2EFDE2-85C6-47FA-96BE-3BAA22723E99}.Release|Any CPU.Deploy.0 = Release|Any CPU
		{EC2EFDE2-85C6-47FA-96BE-3BAA22723E99}.Release|ARM.ActiveCfg = Release|Any CPU
		{EC2EFDE2-85C6-47FA-96BE-3BAA22723E99}.Release|ARM.Build.0 = Release|Any CPU
		{EC2EFDE2-85C6-47FA-96BE-3BAA22723E99}.Release|ARM.Deploy.0 = Release|Any CPU
		{EC2EFDE2-85C6-47FA-96BE-3BAA22723E99}.Release|iPhone.ActiveCfg = Release|Any CPU
		{EC2EFDE2-85C6-47FA-96BE-3BAA22723E99}.Release|iPhone.Build.0 = Release|Any CPU
		{EC2EFDE2-85C6-47FA-96BE-3BAA22723E99}.Release|iPhone.Deploy.0 = Release|Any CPU
		{EC2EFDE2-85C6-47FA-96BE-3BAA22723E99}.Release|iPhoneSimulator.ActiveCfg = Release|Any CPU
		{EC2EFDE2-85C6-47FA-96BE-3BAA22723E99}.Release|iPhoneSimulator.Build.0 = Release|Any CPU
		{EC2EFDE2-85C6-47FA-96BE-3BAA22723E99}.Release|iPhoneSimulator.Deploy.0 = Release|Any CPU
		{EC2EFDE2-85C6-47FA-96BE-3BAA22723E99}.Release|x64.ActiveCfg = Release|Any CPU
		{EC2EFDE2-85C6-47FA-96BE-3BAA22723E99}.Release|x64.Build.0 = Release|Any CPU
		{EC2EFDE2-85C6-47FA-96BE-3BAA22723E99}.Release|x64.Deploy.0 = Release|Any CPU
		{EC2EFDE2-85C6-47FA-96BE-3BAA22723E99}.Release|x86.ActiveCfg = Release|Any CPU
		{EC2EFDE2-85C6-47FA-96BE-3BAA22723E99}.Release|x86.Build.0 = Release|Any CPU
		{EC2EFDE2-85C6-47FA-96BE-3BAA22723E99}.Release|x86.Deploy.0 = Release|Any CPU
		{84282E78-0631-4083-83EC-E38A7F9F6A59}.Ad-Hoc|Any CPU.ActiveCfg = Ad-Hoc|iPhone
		{84282E78-0631-4083-83EC-E38A7F9F6A59}.Ad-Hoc|ARM.ActiveCfg = Ad-Hoc|iPhone
		{84282E78-0631-4083-83EC-E38A7F9F6A59}.Ad-Hoc|iPhone.ActiveCfg = Ad-Hoc|iPhone
		{84282E78-0631-4083-83EC-E38A7F9F6A59}.Ad-Hoc|iPhone.Build.0 = Ad-Hoc|iPhone
		{84282E78-0631-4083-83EC-E38A7F9F6A59}.Ad-Hoc|iPhoneSimulator.ActiveCfg = Ad-Hoc|iPhoneSimulator
		{84282E78-0631-4083-83EC-E38A7F9F6A59}.Ad-Hoc|iPhoneSimulator.Build.0 = Ad-Hoc|iPhoneSimulator
		{84282E78-0631-4083-83EC-E38A7F9F6A59}.Ad-Hoc|x64.ActiveCfg = Ad-Hoc|iPhone
		{84282E78-0631-4083-83EC-E38A7F9F6A59}.Ad-Hoc|x86.ActiveCfg = Ad-Hoc|iPhone
		{84282E78-0631-4083-83EC-E38A7F9F6A59}.AppStore|Any CPU.ActiveCfg = AppStore|iPhone
		{84282E78-0631-4083-83EC-E38A7F9F6A59}.AppStore|ARM.ActiveCfg = AppStore|iPhone
		{84282E78-0631-4083-83EC-E38A7F9F6A59}.AppStore|iPhone.ActiveCfg = AppStore|iPhone
		{84282E78-0631-4083-83EC-E38A7F9F6A59}.AppStore|iPhone.Build.0 = AppStore|iPhone
		{84282E78-0631-4083-83EC-E38A7F9F6A59}.AppStore|iPhoneSimulator.ActiveCfg = AppStore|iPhoneSimulator
		{84282E78-0631-4083-83EC-E38A7F9F6A59}.AppStore|iPhoneSimulator.Build.0 = AppStore|iPhoneSimulator
		{84282E78-0631-4083-83EC-E38A7F9F6A59}.AppStore|x64.ActiveCfg = AppStore|iPhone
		{84282E78-0631-4083-83EC-E38A7F9F6A59}.AppStore|x86.ActiveCfg = AppStore|iPhone
		{84282E78-0631-4083-83EC-E38A7F9F6A59}.Debug|Any CPU.ActiveCfg = Debug|iPhone
		{84282E78-0631-4083-83EC-E38A7F9F6A59}.Debug|ARM.ActiveCfg = Debug|iPhone
		{84282E78-0631-4083-83EC-E38A7F9F6A59}.Debug|iPhone.ActiveCfg = Debug|iPhone
		{84282E78-0631-4083-83EC-E38A7F9F6A59}.Debug|iPhone.Build.0 = Debug|iPhone
		{84282E78-0631-4083-83EC-E38A7F9F6A59}.Debug|iPhoneSimulator.ActiveCfg = Debug|iPhoneSimulator
		{84282E78-0631-4083-83EC-E38A7F9F6A59}.Debug|iPhoneSimulator.Build.0 = Debug|iPhoneSimulator
		{84282E78-0631-4083-83EC-E38A7F9F6A59}.Debug|x64.ActiveCfg = Debug|iPhone
		{84282E78-0631-4083-83EC-E38A7F9F6A59}.Debug|x86.ActiveCfg = Debug|iPhone
		{84282E78-0631-4083-83EC-E38A7F9F6A59}.Release|Any CPU.ActiveCfg = Release|iPhone
		{84282E78-0631-4083-83EC-E38A7F9F6A59}.Release|ARM.ActiveCfg = Release|iPhone
		{84282E78-0631-4083-83EC-E38A7F9F6A59}.Release|iPhone.ActiveCfg = Release|iPhone
		{84282E78-0631-4083-83EC-E38A7F9F6A59}.Release|iPhone.Build.0 = Release|iPhone
		{84282E78-0631-4083-83EC-E38A7F9F6A59}.Release|iPhoneSimulator.ActiveCfg = Release|iPhoneSimulator
		{84282E78-0631-4083-83EC-E38A7F9F6A59}.Release|iPhoneSimulator.Build.0 = Release|iPhoneSimulator
		{84282E78-0631-4083-83EC-E38A7F9F6A59}.Release|x64.ActiveCfg = Release|iPhone
		{84282E78-0631-4083-83EC-E38A7F9F6A59}.Release|x86.ActiveCfg = Release|iPhone
		{95841A56-1719-4B7D-9277-D44C0A941644}.Ad-Hoc|Any CPU.ActiveCfg = Release|x86
		{95841A56-1719-4B7D-9277-D44C0A941644}.Ad-Hoc|Any CPU.Build.0 = Release|x86
		{95841A56-1719-4B7D-9277-D44C0A941644}.Ad-Hoc|Any CPU.Deploy.0 = Release|x86
		{95841A56-1719-4B7D-9277-D44C0A941644}.Ad-Hoc|ARM.ActiveCfg = Release|ARM
		{95841A56-1719-4B7D-9277-D44C0A941644}.Ad-Hoc|ARM.Build.0 = Release|ARM
		{95841A56-1719-4B7D-9277-D44C0A941644}.Ad-Hoc|ARM.Deploy.0 = Release|ARM
		{95841A56-1719-4B7D-9277-D44C0A941644}.Ad-Hoc|iPhone.ActiveCfg = Release|x86
		{95841A56-1719-4B7D-9277-D44C0A941644}.Ad-Hoc|iPhone.Build.0 = Release|x86
		{95841A56-1719-4B7D-9277-D44C0A941644}.Ad-Hoc|iPhone.Deploy.0 = Release|x86
		{95841A56-1719-4B7D-9277-D44C0A941644}.Ad-Hoc|iPhoneSimulator.ActiveCfg = Release|x86
		{95841A56-1719-4B7D-9277-D44C0A941644}.Ad-Hoc|iPhoneSimulator.Build.0 = Release|x86
		{95841A56-1719-4B7D-9277-D44C0A941644}.Ad-Hoc|iPhoneSimulator.Deploy.0 = Release|x86
		{95841A56-1719-4B7D-9277-D44C0A941644}.Ad-Hoc|x64.ActiveCfg = Release|x64
		{95841A56-1719-4B7D-9277-D44C0A941644}.Ad-Hoc|x64.Build.0 = Release|x64
		{95841A56-1719-4B7D-9277-D44C0A941644}.Ad-Hoc|x64.Deploy.0 = Release|x64
		{95841A56-1719-4B7D-9277-D44C0A941644}.Ad-Hoc|x86.ActiveCfg = Release|x86
		{95841A56-1719-4B7D-9277-D44C0A941644}.Ad-Hoc|x86.Build.0 = Release|x86
		{95841A56-1719-4B7D-9277-D44C0A941644}.Ad-Hoc|x86.Deploy.0 = Release|x86
		{95841A56-1719-4B7D-9277-D44C0A941644}.AppStore|Any CPU.ActiveCfg = Release|x86
		{95841A56-1719-4B7D-9277-D44C0A941644}.AppStore|Any CPU.Build.0 = Release|x86
		{95841A56-1719-4B7D-9277-D44C0A941644}.AppStore|Any CPU.Deploy.0 = Release|x86
		{95841A56-1719-4B7D-9277-D44C0A941644}.AppStore|ARM.ActiveCfg = Release|ARM
		{95841A56-1719-4B7D-9277-D44C0A941644}.AppStore|ARM.Build.0 = Release|ARM
		{95841A56-1719-4B7D-9277-D44C0A941644}.AppStore|ARM.Deploy.0 = Release|ARM
		{95841A56-1719-4B7D-9277-D44C0A941644}.AppStore|iPhone.ActiveCfg = Release|x86
		{95841A56-1719-4B7D-9277-D44C0A941644}.AppStore|iPhone.Build.0 = Release|x86
		{95841A56-1719-4B7D-9277-D44C0A941644}.AppStore|iPhone.Deploy.0 = Release|x86
		{95841A56-1719-4B7D-9277-D44C0A941644}.AppStore|iPhoneSimulator.ActiveCfg = Release|x86
		{95841A56-1719-4B7D-9277-D44C0A941644}.AppStore|iPhoneSimulator.Build.0 = Release|x86
		{95841A56-1719-4B7D-9277-D44C0A941644}.AppStore|iPhoneSimulator.Deploy.0 = Release|x86
		{95841A56-1719-4B7D-9277-D44C0A941644}.AppStore|x64.ActiveCfg = Release|x64
		{95841A56-1719-4B7D-9277-D44C0A941644}.AppStore|x64.Build.0 = Release|x64
		{95841A56-1719-4B7D-9277-D44C0A941644}.AppStore|x64.Deploy.0 = Release|x64
		{95841A56-1719-4B7D-9277-D44C0A941644}.AppStore|x86.ActiveCfg = Release|x86
		{95841A56-1719-4B7D-9277-D44C0A941644}.AppStore|x86.Build.0 = Release|x86
		{95841A56-1719-4B7D-9277-D44C0A941644}.AppStore|x86.Deploy.0 = Release|x86
		{95841A56-1719-4B7D-9277-D44C0A941644}.Debug|Any CPU.ActiveCfg = Debug|x86
		{95841A56-1719-4B7D-9277-D44C0A941644}.Debug|ARM.ActiveCfg = Debug|ARM
		{95841A56-1719-4B7D-9277-D44C0A941644}.Debug|ARM.Build.0 = Debug|ARM
		{95841A56-1719-4B7D-9277-D44C0A941644}.Debug|ARM.Deploy.0 = Debug|ARM
		{95841A56-1719-4B7D-9277-D44C0A941644}.Debug|iPhone.ActiveCfg = Debug|x86
		{95841A56-1719-4B7D-9277-D44C0A941644}.Debug|iPhoneSimulator.ActiveCfg = Debug|x86
		{95841A56-1719-4B7D-9277-D44C0A941644}.Debug|x64.ActiveCfg = Debug|x64
		{95841A56-1719-4B7D-9277-D44C0A941644}.Debug|x64.Build.0 = Debug|x64
		{95841A56-1719-4B7D-9277-D44C0A941644}.Debug|x64.Deploy.0 = Debug|x64
		{95841A56-1719-4B7D-9277-D44C0A941644}.Debug|x86.ActiveCfg = Debug|x86
		{95841A56-1719-4B7D-9277-D44C0A941644}.Debug|x86.Build.0 = Debug|x86
		{95841A56-1719-4B7D-9277-D44C0A941644}.Debug|x86.Deploy.0 = Debug|x86
		{95841A56-1719-4B7D-9277-D44C0A941644}.Release|Any CPU.ActiveCfg = Release|x86
		{95841A56-1719-4B7D-9277-D44C0A941644}.Release|ARM.ActiveCfg = Release|ARM
		{95841A56-1719-4B7D-9277-D44C0A941644}.Release|ARM.Build.0 = Release|ARM
		{95841A56-1719-4B7D-9277-D44C0A941644}.Release|ARM.Deploy.0 = Release|ARM
		{95841A56-1719-4B7D-9277-D44C0A941644}.Release|iPhone.ActiveCfg = Release|x86
		{95841A56-1719-4B7D-9277-D44C0A941644}.Release|iPhoneSimulator.ActiveCfg = Release|x86
		{95841A56-1719-4B7D-9277-D44C0A941644}.Release|x64.ActiveCfg = Release|x64
		{95841A56-1719-4B7D-9277-D44C0A941644}.Release|x64.Build.0 = Release|x64
		{95841A56-1719-4B7D-9277-D44C0A941644}.Release|x64.Deploy.0 = Release|x64
		{95841A56-1719-4B7D-9277-D44C0A941644}.Release|x86.ActiveCfg = Release|x86
		{95841A56-1719-4B7D-9277-D44C0A941644}.Release|x86.Build.0 = Release|x86
		{95841A56-1719-4B7D-9277-D44C0A941644}.Release|x86.Deploy.0 = Release|x86
		{9ACA3F2F-B1D9-479F-9EEE-B223E63D4AD5}.Ad-Hoc|Any CPU.ActiveCfg = Debug|Any CPU
		{9ACA3F2F-B1D9-479F-9EEE-B223E63D4AD5}.Ad-Hoc|Any CPU.Build.0 = Debug|Any CPU
		{9ACA3F2F-B1D9-479F-9EEE-B223E63D4AD5}.Ad-Hoc|ARM.ActiveCfg = Debug|Any CPU
		{9ACA3F2F-B1D9-479F-9EEE-B223E63D4AD5}.Ad-Hoc|ARM.Build.0 = Debug|Any CPU
		{9ACA3F2F-B1D9-479F-9EEE-B223E63D4AD5}.Ad-Hoc|iPhone.ActiveCfg = Debug|Any CPU
		{9ACA3F2F-B1D9-479F-9EEE-B223E63D4AD5}.Ad-Hoc|iPhone.Build.0 = Debug|Any CPU
		{9ACA3F2F-B1D9-479F-9EEE-B223E63D4AD5}.Ad-Hoc|iPhoneSimulator.ActiveCfg = Debug|Any CPU
		{9ACA3F2F-B1D9-479F-9EEE-B223E63D4AD5}.Ad-Hoc|iPhoneSimulator.Build.0 = Debug|Any CPU
		{9ACA3F2F-B1D9-479F-9EEE-B223E63D4AD5}.Ad-Hoc|x64.ActiveCfg = Debug|Any CPU
		{9ACA3F2F-B1D9-479F-9EEE-B223E63D4AD5}.Ad-Hoc|x64.Build.0 = Debug|Any CPU
		{9ACA3F2F-B1D9-479F-9EEE-B223E63D4AD5}.Ad-Hoc|x86.ActiveCfg = Debug|Any CPU
		{9ACA3F2F-B1D9-479F-9EEE-B223E63D4AD5}.Ad-Hoc|x86.Build.0 = Debug|Any CPU
		{9ACA3F2F-B1D9-479F-9EEE-B223E63D4AD5}.AppStore|Any CPU.ActiveCfg = Debug|Any CPU
		{9ACA3F2F-B1D9-479F-9EEE-B223E63D4AD5}.AppStore|Any CPU.Build.0 = Debug|Any CPU
		{9ACA3F2F-B1D9-479F-9EEE-B223E63D4AD5}.AppStore|ARM.ActiveCfg = Debug|Any CPU
		{9ACA3F2F-B1D9-479F-9EEE-B223E63D4AD5}.AppStore|ARM.Build.0 = Debug|Any CPU
		{9ACA3F2F-B1D9-479F-9EEE-B223E63D4AD5}.AppStore|iPhone.ActiveCfg = Debug|Any CPU
		{9ACA3F2F-B1D9-479F-9EEE-B223E63D4AD5}.AppStore|iPhone.Build.0 = Debug|Any CPU
		{9ACA3F2F-B1D9-479F-9EEE-B223E63D4AD5}.AppStore|iPhoneSimulator.ActiveCfg = Debug|Any CPU
		{9ACA3F2F-B1D9-479F-9EEE-B223E63D4AD5}.AppStore|iPhoneSimulator.Build.0 = Debug|Any CPU
		{9ACA3F2F-B1D9-479F-9EEE-B223E63D4AD5}.AppStore|x64.ActiveCfg = Debug|Any CPU
		{9ACA3F2F-B1D9-479F-9EEE-B223E63D4AD5}.AppStore|x64.Build.0 = Debug|Any CPU
		{9ACA3F2F-B1D9-479F-9EEE-B223E63D4AD5}.AppStore|x86.ActiveCfg = Debug|Any CPU
		{9ACA3F2F-B1D9-479F-9EEE-B223E63D4AD5}.AppStore|x86.Build.0 = Debug|Any CPU
		{9ACA3F2F-B1D9-479F-9EEE-B223E63D4AD5}.Debug|Any CPU.ActiveCfg = Debug|Any CPU
		{9ACA3F2F-B1D9-479F-9EEE-B223E63D4AD5}.Debug|Any CPU.Build.0 = Debug|Any CPU
		{9ACA3F2F-B1D9-479F-9EEE-B223E63D4AD5}.Debug|ARM.ActiveCfg = Debug|Any CPU
		{9ACA3F2F-B1D9-479F-9EEE-B223E63D4AD5}.Debug|ARM.Build.0 = Debug|Any CPU
		{9ACA3F2F-B1D9-479F-9EEE-B223E63D4AD5}.Debug|iPhone.ActiveCfg = Debug|Any CPU
		{9ACA3F2F-B1D9-479F-9EEE-B223E63D4AD5}.Debug|iPhone.Build.0 = Debug|Any CPU
		{9ACA3F2F-B1D9-479F-9EEE-B223E63D4AD5}.Debug|iPhoneSimulator.ActiveCfg = Debug|Any CPU
		{9ACA3F2F-B1D9-479F-9EEE-B223E63D4AD5}.Debug|iPhoneSimulator.Build.0 = Debug|Any CPU
		{9ACA3F2F-B1D9-479F-9EEE-B223E63D4AD5}.Debug|x64.ActiveCfg = Debug|Any CPU
		{9ACA3F2F-B1D9-479F-9EEE-B223E63D4AD5}.Debug|x64.Build.0 = Debug|Any CPU
		{9ACA3F2F-B1D9-479F-9EEE-B223E63D4AD5}.Debug|x86.ActiveCfg = Debug|Any CPU
		{9ACA3F2F-B1D9-479F-9EEE-B223E63D4AD5}.Debug|x86.Build.0 = Debug|Any CPU
		{9ACA3F2F-B1D9-479F-9EEE-B223E63D4AD5}.Release|Any CPU.ActiveCfg = Release|Any CPU
		{9ACA3F2F-B1D9-479F-9EEE-B223E63D4AD5}.Release|Any CPU.Build.0 = Release|Any CPU
		{9ACA3F2F-B1D9-479F-9EEE-B223E63D4AD5}.Release|ARM.ActiveCfg = Release|Any CPU
		{9ACA3F2F-B1D9-479F-9EEE-B223E63D4AD5}.Release|ARM.Build.0 = Release|Any CPU
		{9ACA3F2F-B1D9-479F-9EEE-B223E63D4AD5}.Release|iPhone.ActiveCfg = Release|Any CPU
		{9ACA3F2F-B1D9-479F-9EEE-B223E63D4AD5}.Release|iPhone.Build.0 = Release|Any CPU
		{9ACA3F2F-B1D9-479F-9EEE-B223E63D4AD5}.Release|iPhoneSimulator.ActiveCfg = Release|Any CPU
		{9ACA3F2F-B1D9-479F-9EEE-B223E63D4AD5}.Release|iPhoneSimulator.Build.0 = Release|Any CPU
		{9ACA3F2F-B1D9-479F-9EEE-B223E63D4AD5}.Release|x64.ActiveCfg = Release|Any CPU
		{9ACA3F2F-B1D9-479F-9EEE-B223E63D4AD5}.Release|x64.Build.0 = Release|Any CPU
		{9ACA3F2F-B1D9-479F-9EEE-B223E63D4AD5}.Release|x86.ActiveCfg = Release|Any CPU
		{9ACA3F2F-B1D9-479F-9EEE-B223E63D4AD5}.Release|x86.Build.0 = Release|Any CPU
	EndGlobalSection
	GlobalSection(SolutionProperties) = preSolution
		HideSolutionNode = FALSE
	EndGlobalSection
	GlobalSection(NestedProjects) = preSolution
		{EC2EFDE2-85C6-47FA-96BE-3BAA22723E99} = {67E943AA-DA75-4C99-9B82-590CC06E0A97}
		{84282E78-0631-4083-83EC-E38A7F9F6A59} = {67E943AA-DA75-4C99-9B82-590CC06E0A97}
		{95841A56-1719-4B7D-9277-D44C0A941644} = {67E943AA-DA75-4C99-9B82-590CC06E0A97}
		{9ACA3F2F-B1D9-479F-9EEE-B223E63D4AD5} = {67E943AA-DA75-4C99-9B82-590CC06E0A97}
	EndGlobalSection
	GlobalSection(ExtensibilityGlobals) = postSolution
		SolutionGuid = {B41F4369-65B2-494D-9F4E-A300AE59B872}
	EndGlobalSection
EndGlobal
